aiohappyeyeballs==2.6.1
aiohttp==3.13.5
aiohttp-retry==2.9.1
aiosignal==1.4.0
amqp==5.3.1
asgiref==3.11.1
attrs==26.1.0
billiard==4.2.4
boolean.py==5.0
CacheControl==0.14.4
celery==5.6.3
certifi==2026.4.22
charset-normalizer==3.4.7
click==8.3.3
click-didyoumean==0.3.1
click-plugins==1.1.1.2
click-repl==0.3.0
coverage==7.13.5
crispy-bootstrap5==2025.6
cron-descriptor==1.4.5
cyclonedx-python-lib==11.7.0
defusedxml==0.7.1
dj-database-url==3.1.2
Django==5.2.13
django-celery-beat==2.9.0
django-crispy-forms==2.6
django-embed-video==1.4.10
django-timezone-field==7.2.1
django_celery_results==2.6.0
filelock==3.29.0
frozenlist==1.8.0
gunicorn==23.0.0
idna==3.13
iniconfig==2.3.0
kombu==5.6.2
license-expression==30.4.4
markdown-it-py==4.0.0
mdurl==0.1.2
msgpack==1.1.2
multidict==6.7.1
packageurl-python==0.17.6
packaging==26.2
pillow==12.2.0
pip-api==0.0.34
pip-requirements-parser==32.0.1
pip_audit==2.10.0
platformdirs==4.9.6
pluggy==1.6.0
prompt_toolkit==3.0.52
propcache==0.4.1
psycopg==3.3.4
psycopg-binary==3.3.4
py-serializable==2.1.0
Pygments==2.20.0
PyJWT==2.12.1
pyparsing==3.3.2
pytest==9.0.3
pytest-django==4.12.0
python-crontab==3.3.0
python-dateutil==2.9.0.post0
redis==7.4.0
requests==2.33.1
rich==15.0.0
ruff==0.15.12
six==1.17.0
sortedcontainers==2.4.0
sqlparse==0.5.5
tomli==2.4.1
tomli_w==1.2.0
twilio==9.10.5
tzdata==2026.2
tzlocal==5.3.1
urllib3==2.6.3
vine==5.1.0
wcwidth==0.6.0
yarl==1.23.0
